
Microsoft Visual Studio Solution File, Format Version 12.00
# Visual Studio Version 16
VisualStudioVersion = 16.0.30523.141
MinimumVisualStudioVersion = 10.0.40219.1
Project("{FAE04EC0-301F-11D3-BF4B-00C04F79EFBC}") = "MDIPaint", "MDIPaint\MDIPaint.csproj", "{38973BB4-7086-4E70-9899-98A80ABFBC81}"
EndProject
Global
	GlobalSection(SolutionConfigurationPlatforms) = preSolution
		Debug|Any CPU = Debug|Any CPU
		Release|Any CPU = Release|Any CPU
	EndGlobalSection
	GlobalSection(ProjectConfigurationPlatforms) = postSolution
		{38973BB4-7086-4E70-9899-98A80ABFBC81}.Debug|Any CPU.ActiveCfg = Debug|Any CPU
		{38973BB4-7086-4E70-9899-98A80ABFBC81}.Debug|Any CPU.Build.0 = Debug|Any CPU
		{38973BB4-7086-4E70-9899-98A80ABFBC81}.Release|Any CPU.ActiveCfg = Release|Any CPU
		{38973BB4-7086-4E70-9899-98A80ABFBC81}.Release|Any CPU.Build.0 = Release|Any CPU
	EndGlobalSection
	GlobalSection(SolutionProperties) = preSolution
		HideSolutionNode = FALSE
	EndGlobalSection
	GlobalSection(ExtensibilityGlobals) = postSolution
		SolutionGuid = {AE73D12E-FFEA-497E-81A2-0F33984E8B3F}
	EndGlobalSection
EndGlobal
